
Microsoft Visual Studio Solution File, Format Version 12.00
# Visual Studio Express 14 for Windows Desktop
VisualStudioVersion = 14.0.25420.1
MinimumVisualStudioVersion = 10.0.40219.1
Project("{FAE04EC0-301F-11D3-BF4B-00C04F79EFBC}") = "Terminal", "Terminal\Terminal.csproj", "{9D396AF5-DA6D-45EF-97A1-003F272068B5}"
EndProject
Project("{FAE04EC0-301F-11D3-BF4B-00C04F79EFBC}") = "Terminal.Macro.Api", "Api\Terminal.Macro.Api.csproj", "{094A65B4-FFDB-4FB6-9548-55558B0C9E7A}"
EndProject
Project("{FAE04EC0-301F-11D3-BF4B-00C04F79EFBC}") = "PluginSample", "PluginSample\PluginSample.csproj", "{41EEB350-DB4D-4996-8F25-65995ED349F6}"
EndProject
Project("{FAE04EC0-301F-11D3-BF4B-00C04F79EFBC}") = "CsCommon", "CsCommon\CsCommon.csproj", "{84DAD39A-811D-4C38-9A03-99DAAF96F191}"
EndProject
Project("{FAE04EC0-301F-11D3-BF4B-00C04F79EFBC}") = "WpfTools", "WpfTools\WpfTools.csproj", "{DE06A2D5-B092-4788-8050-59D253676D1F}"
EndProject
Global
	GlobalSection(SharedMSBuildProjectFiles) = preSolution
	EndGlobalSection
	GlobalSection(SolutionConfigurationPlatforms) = preSolution
		Debug|Any CPU = Debug|Any CPU
		Release|Any CPU = Release|Any CPU
	EndGlobalSection
	GlobalSection(ProjectConfigurationPlatforms) = postSolution
		{9D396AF5-DA6D-45EF-97A1-003F272068B5}.Debug|Any CPU.ActiveCfg = Debug|Any CPU
		{9D396AF5-DA6D-45EF-97A1-003F272068B5}.Debug|Any CPU.Build.0 = Debug|Any CPU
		{9D396AF5-DA6D-45EF-97A1-003F272068B5}.Release|Any CPU.ActiveCfg = Release|Any CPU
		{9D396AF5-DA6D-45EF-97A1-003F272068B5}.Release|Any CPU.Build.0 = Release|Any CPU
		{094A65B4-FFDB-4FB6-9548-55558B0C9E7A}.Debug|Any CPU.ActiveCfg = Debug|Any CPU
		{094A65B4-FFDB-4FB6-9548-55558B0C9E7A}.Debug|Any CPU.Build.0 = Debug|Any CPU
		{094A65B4-FFDB-4FB6-9548-55558B0C9E7A}.Release|Any CPU.ActiveCfg = Release|Any CPU
		{094A65B4-FFDB-4FB6-9548-55558B0C9E7A}.Release|Any CPU.Build.0 = Release|Any CPU
		{41EEB350-DB4D-4996-8F25-65995ED349F6}.Debug|Any CPU.ActiveCfg = Debug|Any CPU
		{41EEB350-DB4D-4996-8F25-65995ED349F6}.Debug|Any CPU.Build.0 = Debug|Any CPU
		{41EEB350-DB4D-4996-8F25-65995ED349F6}.Release|Any CPU.ActiveCfg = Release|Any CPU
		{41EEB350-DB4D-4996-8F25-65995ED349F6}.Release|Any CPU.Build.0 = Release|Any CPU
		{84DAD39A-811D-4C38-9A03-99DAAF96F191}.Debug|Any CPU.ActiveCfg = Debug|Any CPU
		{84DAD39A-811D-4C38-9A03-99DAAF96F191}.Debug|Any CPU.Build.0 = Debug|Any CPU
		{84DAD39A-811D-4C38-9A03-99DAAF96F191}.Release|Any CPU.ActiveCfg = Release|Any CPU
		{84DAD39A-811D-4C38-9A03-99DAAF96F191}.Release|Any CPU.Build.0 = Release|Any CPU
		{DE06A2D5-B092-4788-8050-59D253676D1F}.Debug|Any CPU.ActiveCfg = Debug|Any CPU
		{DE06A2D5-B092-4788-8050-59D253676D1F}.Debug|Any CPU.Build.0 = Debug|Any CPU
		{DE06A2D5-B092-4788-8050-59D253676D1F}.Release|Any CPU.ActiveCfg = Release|Any CPU
		{DE06A2D5-B092-4788-8050-59D253676D1F}.Release|Any CPU.Build.0 = Release|Any CPU
	EndGlobalSection
	GlobalSection(SolutionProperties) = preSolution
		HideSolutionNode = FALSE
	EndGlobalSection
EndGlobal
